
Microsoft Visual Studio Solution File, Format Version 12.00
# Visual Studio Version 16
VisualStudioVersion = 16.0.29926.136
MinimumVisualStudioVersion = 10.0.40219.1
Project("{9A19103F-16F7-4668-BE54-9A1E7A4F7556}") = "PriceObserver", "src\PriceObserver\PriceObserver.csproj", "{2810C97E-E067-4F4E-829F-735236D3F55C}"
EndProject
Project("{9A19103F-16F7-4668-BE54-9A1E7A4F7556}") = "PriceObserver.Telegram", "src\PriceObserver.Telegram\PriceObserver.Telegram.csproj", "{3D0A09AC-0D70-4C9A-AF8E-BA4484576C92}"
EndProject
Project("{9A19103F-16F7-4668-BE54-9A1E7A4F7556}") = "PriceObserver.Background", "src\PriceObserver.Background\PriceObserver.Background.csproj", "{BFA35F38-319F-4559-A9B5-D02FB14C6828}"
EndProject
Project("{FAE04EC0-301F-11D3-BF4B-00C04F79EFBC}") = "PriceObserver.Dialog", "src\PriceObserver.Dialog\PriceObserver.Dialog.csproj", "{BEAE268C-B46C-47EF-967B-95BC60681B59}"
EndProject
Project("{FAE04EC0-301F-11D3-BF4B-00C04F79EFBC}") = "PriceObserver.Web.Api", "src\PriceObserver.Web.Api\PriceObserver.Web.Api.csproj", "{2EE19CAA-A5DA-4BFD-85F0-0AA8084C6477}"
EndProject
Project("{FAE04EC0-301F-11D3-BF4B-00C04F79EFBC}") = "PriceObserver.Parser.UnitTests", "test\PriceObserver.Parser.UnitTests\PriceObserver.Parser.UnitTests.csproj", "{6EC34CFA-6563-4603-890C-6B60A13C91E8}"
EndProject
Project("{FAE04EC0-301F-11D3-BF4B-00C04F79EFBC}") = "PriceObserver.Dialog.FunctionalTests", "test\PriceObserver.Dialog.FunctionalTests\PriceObserver.Dialog.FunctionalTests.csproj", "{CF63C167-D3BA-4E9F-BB1D-5EA48E75673B}"
EndProject
Project("{FAE04EC0-301F-11D3-BF4B-00C04F79EFBC}") = "PriceObserver.Web.App", "src\PriceObserver.Web.App\PriceObserver.Web.App.csproj", "{3006FB26-87CA-45D4-851C-79D623349816}"
EndProject
Project("{FAE04EC0-301F-11D3-BF4B-00C04F79EFBC}") = "PriceObserver.Web.Shared", "src\PriceObserver.Web.Shared\PriceObserver.Web.Shared.csproj", "{6EF7388A-D2AD-429C-8197-B9F30678F371}"
EndProject
Project("{2150E333-8FDC-42A3-9474-1A3956D46DE8}") = "src", "src", "{02E3DB5F-1121-43A4-972E-723F9DD1D8C4}"
EndProject
Project("{2150E333-8FDC-42A3-9474-1A3956D46DE8}") = "test", "test", "{32BC41B2-0F0C-491F-B1DB-AF57DDD3FA04}"
EndProject
Project("{FAE04EC0-301F-11D3-BF4B-00C04F79EFBC}") = "PriceObserver.Parser.FunctionalTests", "test\PriceObserver.Parser.FunctionalTests\PriceObserver.Parser.FunctionalTests.csproj", "{64DAADE0-38C8-4F07-80AD-74660DD08E4D}"
EndProject
Project("{FAE04EC0-301F-11D3-BF4B-00C04F79EFBC}") = "PriceObserver.Common", "..\Shared\src\PriceObserver.Common\PriceObserver.Common.csproj", "{4184E301-D112-448D-AAB3-E655BFF83773}"
EndProject
Project("{FAE04EC0-301F-11D3-BF4B-00C04F79EFBC}") = "PriceObserver.Parser", "..\Shared\src\PriceObserver.Parser\PriceObserver.Parser.csproj", "{F6355554-2C42-4AE2-BF51-5C3787B514A9}"
EndProject
Project("{FAE04EC0-301F-11D3-BF4B-00C04F79EFBC}") = "PriceObserver.Data.InMemory", "..\Shared\src\PriceObserver.Data.InMemory\PriceObserver.Data.InMemory.csproj", "{A44C69FB-1C43-46B7-BEDF-2A130EED40A6}"
EndProject
Project("{FAE04EC0-301F-11D3-BF4B-00C04F79EFBC}") = "PriceObserver.Data.Persistent", "..\Shared\src\PriceObserver.Data.Persistent\PriceObserver.Data.Persistent.csproj", "{4040CAC2-A33D-4963-9070-465ED2574800}"
EndProject
Project("{FAE04EC0-301F-11D3-BF4B-00C04F79EFBC}") = "PriceObserver.Data.Service", "..\Shared\src\PriceObserver.Data.Service\PriceObserver.Data.Service.csproj", "{7445D753-D5F1-4E77-87F1-DD8F879CFC64}"
EndProject
Project("{2150E333-8FDC-42A3-9474-1A3956D46DE8}") = "Shared", "Shared", "{F2038B3F-5545-4D6E-A8A8-18423C6B3D40}"
EndProject
Project("{2150E333-8FDC-42A3-9474-1A3956D46DE8}") = "src", "src", "{A42BF6A3-FA69-4E1E-BAFB-8E1B22305EA5}"
EndProject
Project("{2150E333-8FDC-42A3-9474-1A3956D46DE8}") = "test", "test", "{5582600F-3F14-4335-9DDC-5C8723E39914}"
EndProject
Project("{FAE04EC0-301F-11D3-BF4B-00C04F79EFBC}") = "PriceObserver.Parser.FunctionalTests", "..\Shared\test\PriceObserver.Parser.FunctionalTests\PriceObserver.Parser.FunctionalTests.csproj", "{4CB4137B-178C-492C-8D45-B177B726FD87}"
EndProject
Project("{FAE04EC0-301F-11D3-BF4B-00C04F79EFBC}") = "PriceObserver.Parser.UnitTests", "..\Shared\test\PriceObserver.Parser.UnitTests\PriceObserver.Parser.UnitTests.csproj", "{B9FFAE42-E3A9-443E-862E-36E806B0CC31}"
EndProject
Global
	GlobalSection(SolutionConfigurationPlatforms) = preSolution
		Debug|Any CPU = Debug|Any CPU
		Release|Any CPU = Release|Any CPU
	EndGlobalSection
	GlobalSection(ProjectConfigurationPlatforms) = postSolution
		{2810C97E-E067-4F4E-829F-735236D3F55C}.Debug|Any CPU.ActiveCfg = Debug|Any CPU
		{2810C97E-E067-4F4E-829F-735236D3F55C}.Debug|Any CPU.Build.0 = Debug|Any CPU
		{2810C97E-E067-4F4E-829F-735236D3F55C}.Release|Any CPU.ActiveCfg = Release|Any CPU
		{2810C97E-E067-4F4E-829F-735236D3F55C}.Release|Any CPU.Build.0 = Release|Any CPU
		{3D0A09AC-0D70-4C9A-AF8E-BA4484576C92}.Debug|Any CPU.ActiveCfg = Debug|Any CPU
		{3D0A09AC-0D70-4C9A-AF8E-BA4484576C92}.Debug|Any CPU.Build.0 = Debug|Any CPU
		{3D0A09AC-0D70-4C9A-AF8E-BA4484576C92}.Release|Any CPU.ActiveCfg = Release|Any CPU
		{3D0A09AC-0D70-4C9A-AF8E-BA4484576C92}.Release|Any CPU.Build.0 = Release|Any CPU
		{BFA35F38-319F-4559-A9B5-D02FB14C6828}.Debug|Any CPU.ActiveCfg = Debug|Any CPU
		{BFA35F38-319F-4559-A9B5-D02FB14C6828}.Debug|Any CPU.Build.0 = Debug|Any CPU
		{BFA35F38-319F-4559-A9B5-D02FB14C6828}.Release|Any CPU.ActiveCfg = Release|Any CPU
		{BFA35F38-319F-4559-A9B5-D02FB14C6828}.Release|Any CPU.Build.0 = Release|Any CPU
		{BEAE268C-B46C-47EF-967B-95BC60681B59}.Debug|Any CPU.ActiveCfg = Debug|Any CPU
		{BEAE268C-B46C-47EF-967B-95BC60681B59}.Debug|Any CPU.Build.0 = Debug|Any CPU
		{BEAE268C-B46C-47EF-967B-95BC60681B59}.Release|Any CPU.ActiveCfg = Release|Any CPU
		{BEAE268C-B46C-47EF-967B-95BC60681B59}.Release|Any CPU.Build.0 = Release|Any CPU
		{2EE19CAA-A5DA-4BFD-85F0-0AA8084C6477}.Debug|Any CPU.ActiveCfg = Debug|Any CPU
		{2EE19CAA-A5DA-4BFD-85F0-0AA8084C6477}.Debug|Any CPU.Build.0 = Debug|Any CPU
		{2EE19CAA-A5DA-4BFD-85F0-0AA8084C6477}.Release|Any CPU.ActiveCfg = Release|Any CPU
		{2EE19CAA-A5DA-4BFD-85F0-0AA8084C6477}.Release|Any CPU.Build.0 = Release|Any CPU
		{6EC34CFA-6563-4603-890C-6B60A13C91E8}.Debug|Any CPU.ActiveCfg = Debug|Any CPU
		{6EC34CFA-6563-4603-890C-6B60A13C91E8}.Debug|Any CPU.Build.0 = Debug|Any CPU
		{6EC34CFA-6563-4603-890C-6B60A13C91E8}.Release|Any CPU.ActiveCfg = Release|Any CPU
		{6EC34CFA-6563-4603-890C-6B60A13C91E8}.Release|Any CPU.Build.0 = Release|Any CPU
		{CF63C167-D3BA-4E9F-BB1D-5EA48E75673B}.Debug|Any CPU.ActiveCfg = Debug|Any CPU
		{CF63C167-D3BA-4E9F-BB1D-5EA48E75673B}.Debug|Any CPU.Build.0 = Debug|Any CPU
		{CF63C167-D3BA-4E9F-BB1D-5EA48E75673B}.Release|Any CPU.ActiveCfg = Release|Any CPU
		{CF63C167-D3BA-4E9F-BB1D-5EA48E75673B}.Release|Any CPU.Build.0 = Release|Any CPU
		{3006FB26-87CA-45D4-851C-79D623349816}.Debug|Any CPU.ActiveCfg = Debug|Any CPU
		{3006FB26-87CA-45D4-851C-79D623349816}.Debug|Any CPU.Build.0 = Debug|Any CPU
		{3006FB26-87CA-45D4-851C-79D623349816}.Release|Any CPU.ActiveCfg = Release|Any CPU
		{3006FB26-87CA-45D4-851C-79D623349816}.Release|Any CPU.Build.0 = Release|Any CPU
		{6EF7388A-D2AD-429C-8197-B9F30678F371}.Debug|Any CPU.ActiveCfg = Debug|Any CPU
		{6EF7388A-D2AD-429C-8197-B9F30678F371}.Debug|Any CPU.Build.0 = Debug|Any CPU
		{6EF7388A-D2AD-429C-8197-B9F30678F371}.Release|Any CPU.ActiveCfg = Release|Any CPU
		{6EF7388A-D2AD-429C-8197-B9F30678F371}.Release|Any CPU.Build.0 = Release|Any CPU
		{64DAADE0-38C8-4F07-80AD-74660DD08E4D}.Debug|Any CPU.ActiveCfg = Debug|Any CPU
		{64DAADE0-38C8-4F07-80AD-74660DD08E4D}.Debug|Any CPU.Build.0 = Debug|Any CPU
		{64DAADE0-38C8-4F07-80AD-74660DD08E4D}.Release|Any CPU.ActiveCfg = Release|Any CPU
		{64DAADE0-38C8-4F07-80AD-74660DD08E4D}.Release|Any CPU.Build.0 = Release|Any CPU
		{4184E301-D112-448D-AAB3-E655BFF83773}.Debug|Any CPU.ActiveCfg = Debug|Any CPU
		{4184E301-D112-448D-AAB3-E655BFF83773}.Debug|Any CPU.Build.0 = Debug|Any CPU
		{4184E301-D112-448D-AAB3-E655BFF83773}.Release|Any CPU.ActiveCfg = Release|Any CPU
		{4184E301-D112-448D-AAB3-E655BFF83773}.Release|Any CPU.Build.0 = Release|Any CPU
		{F6355554-2C42-4AE2-BF51-5C3787B514A9}.Debug|Any CPU.ActiveCfg = Debug|Any CPU
		{F6355554-2C42-4AE2-BF51-5C3787B514A9}.Debug|Any CPU.Build.0 = Debug|Any CPU
		{F6355554-2C42-4AE2-BF51-5C3787B514A9}.Release|Any CPU.ActiveCfg = Release|Any CPU
		{F6355554-2C42-4AE2-BF51-5C3787B514A9}.Release|Any CPU.Build.0 = Release|Any CPU
		{A44C69FB-1C43-46B7-BEDF-2A130EED40A6}.Debug|Any CPU.ActiveCfg = Debug|Any CPU
		{A44C69FB-1C43-46B7-BEDF-2A130EED40A6}.Debug|Any CPU.Build.0 = Debug|Any CPU
		{A44C69FB-1C43-46B7-BEDF-2A130EED40A6}.Release|Any CPU.ActiveCfg = Release|Any CPU
		{A44C69FB-1C43-46B7-BEDF-2A130EED40A6}.Release|Any CPU.Build.0 = Release|Any CPU
		{4040CAC2-A33D-4963-9070-465ED2574800}.Debug|Any CPU.ActiveCfg = Debug|Any CPU
		{4040CAC2-A33D-4963-9070-465ED2574800}.Debug|Any CPU.Build.0 = Debug|Any CPU
		{4040CAC2-A33D-4963-9070-465ED2574800}.Release|Any CPU.ActiveCfg = Release|Any CPU
		{4040CAC2-A33D-4963-9070-465ED2574800}.Release|Any CPU.Build.0 = Release|Any CPU
		{7445D753-D5F1-4E77-87F1-DD8F879CFC64}.Debug|Any CPU.ActiveCfg = Debug|Any CPU
		{7445D753-D5F1-4E77-87F1-DD8F879CFC64}.Debug|Any CPU.Build.0 = Debug|Any CPU
		{7445D753-D5F1-4E77-87F1-DD8F879CFC64}.Release|Any CPU.ActiveCfg = Release|Any CPU
		{7445D753-D5F1-4E77-87F1-DD8F879CFC64}.Release|Any CPU.Build.0 = Release|Any CPU
		{4CB4137B-178C-492C-8D45-B177B726FD87}.Debug|Any CPU.ActiveCfg = Debug|Any CPU
		{4CB4137B-178C-492C-8D45-B177B726FD87}.Debug|Any CPU.Build.0 = Debug|Any CPU
		{4CB4137B-178C-492C-8D45-B177B726FD87}.Release|Any CPU.ActiveCfg = Release|Any CPU
		{4CB4137B-178C-492C-8D45-B177B726FD87}.Release|Any CPU.Build.0 = Release|Any CPU
		{B9FFAE42-E3A9-443E-862E-36E806B0CC31}.Debug|Any CPU.ActiveCfg = Debug|Any CPU
		{B9FFAE42-E3A9-443E-862E-36E806B0CC31}.Debug|Any CPU.Build.0 = Debug|Any CPU
		{B9FFAE42-E3A9-443E-862E-36E806B0CC31}.Release|Any CPU.ActiveCfg = Release|Any CPU
		{B9FFAE42-E3A9-443E-862E-36E806B0CC31}.Release|Any CPU.Build.0 = Release|Any CPU
	EndGlobalSection
	GlobalSection(SolutionProperties) = preSolution
		HideSolutionNode = FALSE
	EndGlobalSection
	GlobalSection(ExtensibilityGlobals) = postSolution
		SolutionGuid = {E4539B13-EB50-4954-8268-E9643BCB6F23}
	EndGlobalSection
	GlobalSection(NestedProjects) = preSolution
		{2810C97E-E067-4F4E-829F-735236D3F55C} = {02E3DB5F-1121-43A4-972E-723F9DD1D8C4}
		{3006FB26-87CA-45D4-851C-79D623349816} = {02E3DB5F-1121-43A4-972E-723F9DD1D8C4}
		{BEAE268C-B46C-47EF-967B-95BC60681B59} = {02E3DB5F-1121-43A4-972E-723F9DD1D8C4}
		{BFA35F38-319F-4559-A9B5-D02FB14C6828} = {02E3DB5F-1121-43A4-972E-723F9DD1D8C4}
		{3D0A09AC-0D70-4C9A-AF8E-BA4484576C92} = {02E3DB5F-1121-43A4-972E-723F9DD1D8C4}
		{2EE19CAA-A5DA-4BFD-85F0-0AA8084C6477} = {02E3DB5F-1121-43A4-972E-723F9DD1D8C4}
		{6EF7388A-D2AD-429C-8197-B9F30678F371} = {02E3DB5F-1121-43A4-972E-723F9DD1D8C4}
		{CF63C167-D3BA-4E9F-BB1D-5EA48E75673B} = {32BC41B2-0F0C-491F-B1DB-AF57DDD3FA04}
		{6EC34CFA-6563-4603-890C-6B60A13C91E8} = {32BC41B2-0F0C-491F-B1DB-AF57DDD3FA04}
		{64DAADE0-38C8-4F07-80AD-74660DD08E4D} = {32BC41B2-0F0C-491F-B1DB-AF57DDD3FA04}
		{A42BF6A3-FA69-4E1E-BAFB-8E1B22305EA5} = {F2038B3F-5545-4D6E-A8A8-18423C6B3D40}
		{4184E301-D112-448D-AAB3-E655BFF83773} = {A42BF6A3-FA69-4E1E-BAFB-8E1B22305EA5}
		{A44C69FB-1C43-46B7-BEDF-2A130EED40A6} = {A42BF6A3-FA69-4E1E-BAFB-8E1B22305EA5}
		{4040CAC2-A33D-4963-9070-465ED2574800} = {A42BF6A3-FA69-4E1E-BAFB-8E1B22305EA5}
		{7445D753-D5F1-4E77-87F1-DD8F879CFC64} = {A42BF6A3-FA69-4E1E-BAFB-8E1B22305EA5}
		{F6355554-2C42-4AE2-BF51-5C3787B514A9} = {A42BF6A3-FA69-4E1E-BAFB-8E1B22305EA5}
		{5582600F-3F14-4335-9DDC-5C8723E39914} = {F2038B3F-5545-4D6E-A8A8-18423C6B3D40}
		{4CB4137B-178C-492C-8D45-B177B726FD87} = {5582600F-3F14-4335-9DDC-5C8723E39914}
		{B9FFAE42-E3A9-443E-862E-36E806B0CC31} = {5582600F-3F14-4335-9DDC-5C8723E39914}
	EndGlobalSection
EndGlobal
