
Microsoft Visual Studio Solution File, Format Version 12.00
# Visual Studio Version 16
VisualStudioVersion = 16.0.29926.136
MinimumVisualStudioVersion = 10.0.40219.1
Project("{9A19103F-16F7-4668-BE54-9A1E7A4F7556}") = "Pricer.Client", "src\Pricer.Client\Pricer.Client.csproj", "{2810C97E-E067-4F4E-829F-735236D3F55C}"
EndProject
Project("{9A19103F-16F7-4668-BE54-9A1E7A4F7556}") = "Pricer.Background", "src\Pricer.Background\Pricer.Background.csproj", "{BFA35F38-319F-4559-A9B5-D02FB14C6828}"
EndProject
Project("{FAE04EC0-301F-11D3-BF4B-00C04F79EFBC}") = "Pricer.Web.Api", "src\Pricer.Web.Api\Pricer.Web.Api.csproj", "{2EE19CAA-A5DA-4BFD-85F0-0AA8084C6477}"
EndProject
Project("{FAE04EC0-301F-11D3-BF4B-00C04F79EFBC}") = "Pricer.Dialog.FunctionalTests", "test\Pricer.Dialog.FunctionalTests\Pricer.Dialog.FunctionalTests.csproj", "{CF63C167-D3BA-4E9F-BB1D-5EA48E75673B}"
EndProject
Project("{FAE04EC0-301F-11D3-BF4B-00C04F79EFBC}") = "Pricer.Web.App", "src\Pricer.Web.App\Pricer.Web.App.csproj", "{3006FB26-87CA-45D4-851C-79D623349816}"
EndProject
Project("{FAE04EC0-301F-11D3-BF4B-00C04F79EFBC}") = "Pricer.Web.Shared", "src\Pricer.Web.Shared\Pricer.Web.Shared.csproj", "{6EF7388A-D2AD-429C-8197-B9F30678F371}"
EndProject
Project("{2150E333-8FDC-42A3-9474-1A3956D46DE8}") = "src", "src", "{02E3DB5F-1121-43A4-972E-723F9DD1D8C4}"
EndProject
Project("{2150E333-8FDC-42A3-9474-1A3956D46DE8}") = "test", "test", "{32BC41B2-0F0C-491F-B1DB-AF57DDD3FA04}"
EndProject
Project("{FAE04EC0-301F-11D3-BF4B-00C04F79EFBC}") = "Pricer.Common", "..\Shared\src\Pricer.Common\Pricer.Common.csproj", "{4184E301-D112-448D-AAB3-E655BFF83773}"
EndProject
Project("{FAE04EC0-301F-11D3-BF4B-00C04F79EFBC}") = "Pricer.Parser", "..\Shared\src\Pricer.Parser\Pricer.Parser.csproj", "{F6355554-2C42-4AE2-BF51-5C3787B514A9}"
EndProject
Project("{FAE04EC0-301F-11D3-BF4B-00C04F79EFBC}") = "Pricer.Data.InMemory", "..\Shared\src\Pricer.Data.InMemory\Pricer.Data.InMemory.csproj", "{A44C69FB-1C43-46B7-BEDF-2A130EED40A6}"
EndProject
Project("{FAE04EC0-301F-11D3-BF4B-00C04F79EFBC}") = "Pricer.Data.Persistent", "..\Shared\src\Pricer.Data.Persistent\Pricer.Data.Persistent.csproj", "{4040CAC2-A33D-4963-9070-465ED2574800}"
EndProject
Project("{FAE04EC0-301F-11D3-BF4B-00C04F79EFBC}") = "Pricer.Data.Service", "..\Shared\src\Pricer.Data.Service\Pricer.Data.Service.csproj", "{7445D753-D5F1-4E77-87F1-DD8F879CFC64}"
EndProject
Project("{2150E333-8FDC-42A3-9474-1A3956D46DE8}") = "Shared", "Shared", "{F2038B3F-5545-4D6E-A8A8-18423C6B3D40}"
EndProject
Project("{2150E333-8FDC-42A3-9474-1A3956D46DE8}") = "src", "src", "{A42BF6A3-FA69-4E1E-BAFB-8E1B22305EA5}"
EndProject
Project("{2150E333-8FDC-42A3-9474-1A3956D46DE8}") = "test", "test", "{5582600F-3F14-4335-9DDC-5C8723E39914}"
EndProject
Project("{FAE04EC0-301F-11D3-BF4B-00C04F79EFBC}") = "Pricer.Parser.FunctionalTests", "..\Shared\test\Pricer.Parser.FunctionalTests\Pricer.Parser.FunctionalTests.csproj", "{4CB4137B-178C-492C-8D45-B177B726FD87}"
EndProject
Project("{FAE04EC0-301F-11D3-BF4B-00C04F79EFBC}") = "Pricer.Parser.UnitTests", "..\Shared\test\Pricer.Parser.UnitTests\Pricer.Parser.UnitTests.csproj", "{B9FFAE42-E3A9-443E-862E-36E806B0CC31}"
EndProject
Project("{2150E333-8FDC-42A3-9474-1A3956D46DE8}") = "Web", "Web", "{639E9FE8-6CF4-4972-9F65-153893398528}"
EndProject
Project("{2150E333-8FDC-42A3-9474-1A3956D46DE8}") = "Dialog", "Dialog", "{52F6BEE8-5DCE-43AB-99C2-27AFB6DA2F17}"
EndProject
Project("{FAE04EC0-301F-11D3-BF4B-00C04F79EFBC}") = "Pricer.Dialog.Callback", "src\Pricer.Dialog.Callback\Pricer.Dialog.Callback.csproj", "{2BD17FE2-470D-4DD5-8DDD-05C26FFBC928}"
EndProject
Project("{FAE04EC0-301F-11D3-BF4B-00C04F79EFBC}") = "Pricer.Dialog.Common", "src\Pricer.Dialog.Common\Pricer.Dialog.Common.csproj", "{A45041A3-AC53-48CC-BDD5-AB90927E4DCC}"
EndProject
Project("{FAE04EC0-301F-11D3-BF4B-00C04F79EFBC}") = "Pricer.Dialog.Input", "src\Pricer.Dialog.Input\Pricer.Dialog.Input.csproj", "{D2B5FA41-F69A-4332-8388-8D4D44846BA4}"
EndProject
Project("{FAE04EC0-301F-11D3-BF4B-00C04F79EFBC}") = "Pricer.Dialog.Telegram", "src\Pricer.Dialog.Telegram\Pricer.Dialog.Telegram.csproj", "{ACFF8FC1-0D91-499A-A557-6BA72D616C1D}"
EndProject
Project("{FAE04EC0-301F-11D3-BF4B-00C04F79EFBC}") = "Pricer.Telegram", "..\Shared\src\Pricer.Telegram\Pricer.Telegram.csproj", "{49B70EBA-3955-42CF-B4A6-A7795C3B54B4}"
EndProject
Global
	GlobalSection(SolutionConfigurationPlatforms) = preSolution
		Debug|Any CPU = Debug|Any CPU
		Release|Any CPU = Release|Any CPU
	EndGlobalSection
	GlobalSection(ProjectConfigurationPlatforms) = postSolution
		{2810C97E-E067-4F4E-829F-735236D3F55C}.Debug|Any CPU.ActiveCfg = Debug|Any CPU
		{2810C97E-E067-4F4E-829F-735236D3F55C}.Debug|Any CPU.Build.0 = Debug|Any CPU
		{2810C97E-E067-4F4E-829F-735236D3F55C}.Release|Any CPU.ActiveCfg = Release|Any CPU
		{2810C97E-E067-4F4E-829F-735236D3F55C}.Release|Any CPU.Build.0 = Release|Any CPU
		{BFA35F38-319F-4559-A9B5-D02FB14C6828}.Debug|Any CPU.ActiveCfg = Debug|Any CPU
		{BFA35F38-319F-4559-A9B5-D02FB14C6828}.Debug|Any CPU.Build.0 = Debug|Any CPU
		{BFA35F38-319F-4559-A9B5-D02FB14C6828}.Release|Any CPU.ActiveCfg = Release|Any CPU
		{BFA35F38-319F-4559-A9B5-D02FB14C6828}.Release|Any CPU.Build.0 = Release|Any CPU
		{2EE19CAA-A5DA-4BFD-85F0-0AA8084C6477}.Debug|Any CPU.ActiveCfg = Debug|Any CPU
		{2EE19CAA-A5DA-4BFD-85F0-0AA8084C6477}.Debug|Any CPU.Build.0 = Debug|Any CPU
		{2EE19CAA-A5DA-4BFD-85F0-0AA8084C6477}.Release|Any CPU.ActiveCfg = Release|Any CPU
		{2EE19CAA-A5DA-4BFD-85F0-0AA8084C6477}.Release|Any CPU.Build.0 = Release|Any CPU
		{CF63C167-D3BA-4E9F-BB1D-5EA48E75673B}.Debug|Any CPU.ActiveCfg = Debug|Any CPU
		{CF63C167-D3BA-4E9F-BB1D-5EA48E75673B}.Debug|Any CPU.Build.0 = Debug|Any CPU
		{CF63C167-D3BA-4E9F-BB1D-5EA48E75673B}.Release|Any CPU.ActiveCfg = Release|Any CPU
		{CF63C167-D3BA-4E9F-BB1D-5EA48E75673B}.Release|Any CPU.Build.0 = Release|Any CPU
		{3006FB26-87CA-45D4-851C-79D623349816}.Debug|Any CPU.ActiveCfg = Debug|Any CPU
		{3006FB26-87CA-45D4-851C-79D623349816}.Debug|Any CPU.Build.0 = Debug|Any CPU
		{3006FB26-87CA-45D4-851C-79D623349816}.Release|Any CPU.ActiveCfg = Release|Any CPU
		{3006FB26-87CA-45D4-851C-79D623349816}.Release|Any CPU.Build.0 = Release|Any CPU
		{6EF7388A-D2AD-429C-8197-B9F30678F371}.Debug|Any CPU.ActiveCfg = Debug|Any CPU
		{6EF7388A-D2AD-429C-8197-B9F30678F371}.Debug|Any CPU.Build.0 = Debug|Any CPU
		{6EF7388A-D2AD-429C-8197-B9F30678F371}.Release|Any CPU.ActiveCfg = Release|Any CPU
		{6EF7388A-D2AD-429C-8197-B9F30678F371}.Release|Any CPU.Build.0 = Release|Any CPU
		{4184E301-D112-448D-AAB3-E655BFF83773}.Debug|Any CPU.ActiveCfg = Debug|Any CPU
		{4184E301-D112-448D-AAB3-E655BFF83773}.Debug|Any CPU.Build.0 = Debug|Any CPU
		{4184E301-D112-448D-AAB3-E655BFF83773}.Release|Any CPU.ActiveCfg = Release|Any CPU
		{4184E301-D112-448D-AAB3-E655BFF83773}.Release|Any CPU.Build.0 = Release|Any CPU
		{F6355554-2C42-4AE2-BF51-5C3787B514A9}.Debug|Any CPU.ActiveCfg = Debug|Any CPU
		{F6355554-2C42-4AE2-BF51-5C3787B514A9}.Debug|Any CPU.Build.0 = Debug|Any CPU
		{F6355554-2C42-4AE2-BF51-5C3787B514A9}.Release|Any CPU.ActiveCfg = Release|Any CPU
		{F6355554-2C42-4AE2-BF51-5C3787B514A9}.Release|Any CPU.Build.0 = Release|Any CPU
		{A44C69FB-1C43-46B7-BEDF-2A130EED40A6}.Debug|Any CPU.ActiveCfg = Debug|Any CPU
		{A44C69FB-1C43-46B7-BEDF-2A130EED40A6}.Debug|Any CPU.Build.0 = Debug|Any CPU
		{A44C69FB-1C43-46B7-BEDF-2A130EED40A6}.Release|Any CPU.ActiveCfg = Release|Any CPU
		{A44C69FB-1C43-46B7-BEDF-2A130EED40A6}.Release|Any CPU.Build.0 = Release|Any CPU
		{4040CAC2-A33D-4963-9070-465ED2574800}.Debug|Any CPU.ActiveCfg = Debug|Any CPU
		{4040CAC2-A33D-4963-9070-465ED2574800}.Debug|Any CPU.Build.0 = Debug|Any CPU
		{4040CAC2-A33D-4963-9070-465ED2574800}.Release|Any CPU.ActiveCfg = Release|Any CPU
		{4040CAC2-A33D-4963-9070-465ED2574800}.Release|Any CPU.Build.0 = Release|Any CPU
		{7445D753-D5F1-4E77-87F1-DD8F879CFC64}.Debug|Any CPU.ActiveCfg = Debug|Any CPU
		{7445D753-D5F1-4E77-87F1-DD8F879CFC64}.Debug|Any CPU.Build.0 = Debug|Any CPU
		{7445D753-D5F1-4E77-87F1-DD8F879CFC64}.Release|Any CPU.ActiveCfg = Release|Any CPU
		{7445D753-D5F1-4E77-87F1-DD8F879CFC64}.Release|Any CPU.Build.0 = Release|Any CPU
		{4CB4137B-178C-492C-8D45-B177B726FD87}.Debug|Any CPU.ActiveCfg = Debug|Any CPU
		{4CB4137B-178C-492C-8D45-B177B726FD87}.Debug|Any CPU.Build.0 = Debug|Any CPU
		{4CB4137B-178C-492C-8D45-B177B726FD87}.Release|Any CPU.ActiveCfg = Release|Any CPU
		{4CB4137B-178C-492C-8D45-B177B726FD87}.Release|Any CPU.Build.0 = Release|Any CPU
		{B9FFAE42-E3A9-443E-862E-36E806B0CC31}.Debug|Any CPU.ActiveCfg = Debug|Any CPU
		{B9FFAE42-E3A9-443E-862E-36E806B0CC31}.Debug|Any CPU.Build.0 = Debug|Any CPU
		{B9FFAE42-E3A9-443E-862E-36E806B0CC31}.Release|Any CPU.ActiveCfg = Release|Any CPU
		{B9FFAE42-E3A9-443E-862E-36E806B0CC31}.Release|Any CPU.Build.0 = Release|Any CPU
		{2BD17FE2-470D-4DD5-8DDD-05C26FFBC928}.Debug|Any CPU.ActiveCfg = Debug|Any CPU
		{2BD17FE2-470D-4DD5-8DDD-05C26FFBC928}.Debug|Any CPU.Build.0 = Debug|Any CPU
		{2BD17FE2-470D-4DD5-8DDD-05C26FFBC928}.Release|Any CPU.ActiveCfg = Release|Any CPU
		{2BD17FE2-470D-4DD5-8DDD-05C26FFBC928}.Release|Any CPU.Build.0 = Release|Any CPU
		{A45041A3-AC53-48CC-BDD5-AB90927E4DCC}.Debug|Any CPU.ActiveCfg = Debug|Any CPU
		{A45041A3-AC53-48CC-BDD5-AB90927E4DCC}.Debug|Any CPU.Build.0 = Debug|Any CPU
		{A45041A3-AC53-48CC-BDD5-AB90927E4DCC}.Release|Any CPU.ActiveCfg = Release|Any CPU
		{A45041A3-AC53-48CC-BDD5-AB90927E4DCC}.Release|Any CPU.Build.0 = Release|Any CPU
		{D2B5FA41-F69A-4332-8388-8D4D44846BA4}.Debug|Any CPU.ActiveCfg = Debug|Any CPU
		{D2B5FA41-F69A-4332-8388-8D4D44846BA4}.Debug|Any CPU.Build.0 = Debug|Any CPU
		{D2B5FA41-F69A-4332-8388-8D4D44846BA4}.Release|Any CPU.ActiveCfg = Release|Any CPU
		{D2B5FA41-F69A-4332-8388-8D4D44846BA4}.Release|Any CPU.Build.0 = Release|Any CPU
		{ACFF8FC1-0D91-499A-A557-6BA72D616C1D}.Debug|Any CPU.ActiveCfg = Debug|Any CPU
		{ACFF8FC1-0D91-499A-A557-6BA72D616C1D}.Debug|Any CPU.Build.0 = Debug|Any CPU
		{ACFF8FC1-0D91-499A-A557-6BA72D616C1D}.Release|Any CPU.ActiveCfg = Release|Any CPU
		{ACFF8FC1-0D91-499A-A557-6BA72D616C1D}.Release|Any CPU.Build.0 = Release|Any CPU
		{49B70EBA-3955-42CF-B4A6-A7795C3B54B4}.Debug|Any CPU.ActiveCfg = Debug|Any CPU
		{49B70EBA-3955-42CF-B4A6-A7795C3B54B4}.Debug|Any CPU.Build.0 = Debug|Any CPU
		{49B70EBA-3955-42CF-B4A6-A7795C3B54B4}.Release|Any CPU.ActiveCfg = Release|Any CPU
		{49B70EBA-3955-42CF-B4A6-A7795C3B54B4}.Release|Any CPU.Build.0 = Release|Any CPU
	EndGlobalSection
	GlobalSection(SolutionProperties) = preSolution
		HideSolutionNode = FALSE
	EndGlobalSection
	GlobalSection(ExtensibilityGlobals) = postSolution
		SolutionGuid = {E4539B13-EB50-4954-8268-E9643BCB6F23}
	EndGlobalSection
	GlobalSection(NestedProjects) = preSolution
		{2810C97E-E067-4F4E-829F-735236D3F55C} = {02E3DB5F-1121-43A4-972E-723F9DD1D8C4}
		{BFA35F38-319F-4559-A9B5-D02FB14C6828} = {02E3DB5F-1121-43A4-972E-723F9DD1D8C4}
		{CF63C167-D3BA-4E9F-BB1D-5EA48E75673B} = {32BC41B2-0F0C-491F-B1DB-AF57DDD3FA04}
		{A42BF6A3-FA69-4E1E-BAFB-8E1B22305EA5} = {F2038B3F-5545-4D6E-A8A8-18423C6B3D40}
		{4184E301-D112-448D-AAB3-E655BFF83773} = {A42BF6A3-FA69-4E1E-BAFB-8E1B22305EA5}
		{A44C69FB-1C43-46B7-BEDF-2A130EED40A6} = {A42BF6A3-FA69-4E1E-BAFB-8E1B22305EA5}
		{4040CAC2-A33D-4963-9070-465ED2574800} = {A42BF6A3-FA69-4E1E-BAFB-8E1B22305EA5}
		{7445D753-D5F1-4E77-87F1-DD8F879CFC64} = {A42BF6A3-FA69-4E1E-BAFB-8E1B22305EA5}
		{F6355554-2C42-4AE2-BF51-5C3787B514A9} = {A42BF6A3-FA69-4E1E-BAFB-8E1B22305EA5}
		{5582600F-3F14-4335-9DDC-5C8723E39914} = {F2038B3F-5545-4D6E-A8A8-18423C6B3D40}
		{4CB4137B-178C-492C-8D45-B177B726FD87} = {5582600F-3F14-4335-9DDC-5C8723E39914}
		{B9FFAE42-E3A9-443E-862E-36E806B0CC31} = {5582600F-3F14-4335-9DDC-5C8723E39914}
		{639E9FE8-6CF4-4972-9F65-153893398528} = {02E3DB5F-1121-43A4-972E-723F9DD1D8C4}
		{2EE19CAA-A5DA-4BFD-85F0-0AA8084C6477} = {639E9FE8-6CF4-4972-9F65-153893398528}
		{3006FB26-87CA-45D4-851C-79D623349816} = {639E9FE8-6CF4-4972-9F65-153893398528}
		{6EF7388A-D2AD-429C-8197-B9F30678F371} = {639E9FE8-6CF4-4972-9F65-153893398528}
		{52F6BEE8-5DCE-43AB-99C2-27AFB6DA2F17} = {02E3DB5F-1121-43A4-972E-723F9DD1D8C4}
		{2BD17FE2-470D-4DD5-8DDD-05C26FFBC928} = {52F6BEE8-5DCE-43AB-99C2-27AFB6DA2F17}
		{A45041A3-AC53-48CC-BDD5-AB90927E4DCC} = {52F6BEE8-5DCE-43AB-99C2-27AFB6DA2F17}
		{D2B5FA41-F69A-4332-8388-8D4D44846BA4} = {52F6BEE8-5DCE-43AB-99C2-27AFB6DA2F17}
		{ACFF8FC1-0D91-499A-A557-6BA72D616C1D} = {52F6BEE8-5DCE-43AB-99C2-27AFB6DA2F17}
		{49B70EBA-3955-42CF-B4A6-A7795C3B54B4} = {A42BF6A3-FA69-4E1E-BAFB-8E1B22305EA5}
	EndGlobalSection
EndGlobal
