
Microsoft Visual Studio Solution File, Format Version 12.00
# Visual Studio Version 16
VisualStudioVersion = 16.0.29926.136
MinimumVisualStudioVersion = 10.0.40219.1
Project("{9A19103F-16F7-4668-BE54-9A1E7A4F7556}") = "Pricer", "src\Pricer\Pricer.csproj", "{2810C97E-E067-4F4E-829F-735236D3F55C}"
EndProject
Project("{9A19103F-16F7-4668-BE54-9A1E7A4F7556}") = "Pricer.Bot.Telegram", "src\Pricer.Bot.Telegram\Pricer.Bot.Telegram.csproj", "{3D0A09AC-0D70-4C9A-AF8E-BA4484576C92}"
EndProject
Project("{9A19103F-16F7-4668-BE54-9A1E7A4F7556}") = "Pricer.Parser", "src\Pricer.Parser\Pricer.Parser.csproj", "{BD1D3C9F-390A-43EB-BC6D-EC0A1F12590E}"
EndProject
Project("{9A19103F-16F7-4668-BE54-9A1E7A4F7556}") = "Pricer.Data.Persistent", "src\Pricer.Data.Persistent\Pricer.Data.Persistent.csproj", "{B85E3E09-5F05-4C8D-9BD9-DC82E27FF1D8}"
EndProject
Project("{9A19103F-16F7-4668-BE54-9A1E7A4F7556}") = "Pricer.Background", "src\Pricer.Background\Pricer.Background.csproj", "{BFA35F38-319F-4559-A9B5-D02FB14C6828}"
EndProject
Project("{FAE04EC0-301F-11D3-BF4B-00C04F79EFBC}") = "Pricer.Dialog", "src\Pricer.Dialog\Pricer.Dialog.csproj", "{BEAE268C-B46C-47EF-967B-95BC60681B59}"
EndProject
Project("{FAE04EC0-301F-11D3-BF4B-00C04F79EFBC}") = "Pricer.Data.Service", "src\Pricer.Data.Service\Pricer.Data.Service.csproj", "{4E384CAE-7D5F-4639-9F4F-806B55F1EF03}"
EndProject
Project("{FAE04EC0-301F-11D3-BF4B-00C04F79EFBC}") = "Pricer.Common", "src\Pricer.Common\Pricer.Common.csproj", "{94F25568-F5AA-414C-8D72-14959993B928}"
EndProject
Project("{FAE04EC0-301F-11D3-BF4B-00C04F79EFBC}") = "Pricer.Data.InMemory", "src\Pricer.Data.InMemory\Pricer.Data.InMemory.csproj", "{24B05EBB-F8C3-478B-8861-86C78090D01A}"
EndProject
Project("{FAE04EC0-301F-11D3-BF4B-00C04F79EFBC}") = "Pricer.Web.Api", "src\Pricer.Web.Api\Pricer.Web.Api.csproj", "{2EE19CAA-A5DA-4BFD-85F0-0AA8084C6477}"
EndProject
Project("{FAE04EC0-301F-11D3-BF4B-00C04F79EFBC}") = "Pricer.Parser.UnitTests", "test\Pricer.Parser.UnitTests\Pricer.Parser.UnitTests.csproj", "{6EC34CFA-6563-4603-890C-6B60A13C91E8}"
EndProject
Project("{FAE04EC0-301F-11D3-BF4B-00C04F79EFBC}") = "Pricer.Dialog.FunctionalTests", "test\Pricer.Dialog.FunctionalTests\Pricer.Dialog.FunctionalTests.csproj", "{CF63C167-D3BA-4E9F-BB1D-5EA48E75673B}"
EndProject
Project("{FAE04EC0-301F-11D3-BF4B-00C04F79EFBC}") = "Pricer.Web.App", "src\Pricer.Web.App\Pricer.Web.App.csproj", "{3006FB26-87CA-45D4-851C-79D623349816}"
EndProject
Project("{FAE04EC0-301F-11D3-BF4B-00C04F79EFBC}") = "Pricer.Web.Shared", "src\Pricer.Web.Shared\Pricer.Web.Shared.csproj", "{6EF7388A-D2AD-429C-8197-B9F30678F371}"
EndProject
Project("{2150E333-8FDC-42A3-9474-1A3956D46DE8}") = "src", "src", "{02E3DB5F-1121-43A4-972E-723F9DD1D8C4}"
EndProject
Project("{2150E333-8FDC-42A3-9474-1A3956D46DE8}") = "test", "test", "{32BC41B2-0F0C-491F-B1DB-AF57DDD3FA04}"
EndProject
Project("{FAE04EC0-301F-11D3-BF4B-00C04F79EFBC}") = "Pricer.Parser.FunctionalTests", "test\Pricer.Parser.FunctionalTests\Pricer.Parser.FunctionalTests.csproj", "{64DAADE0-38C8-4F07-80AD-74660DD08E4D}"
EndProject
Project("{FAE04EC0-301F-11D3-BF4B-00C04F79EFBC}") = "Pricer.Bot.Viber", "src\Pricer.Bot.Viber\Pricer.Bot.Viber.csproj", "{7A93EAFA-CD60-475B-9793-A88CC7040F06}"
EndProject
Project("{FAE04EC0-301F-11D3-BF4B-00C04F79EFBC}") = "Pricer.Bot", "src\Pricer.Bot\Pricer.Bot.csproj", "{3846CEB8-5D17-416D-A506-9F4A69F0A6C8}"
EndProject
Global
	GlobalSection(SolutionConfigurationPlatforms) = preSolution
		Debug|Any CPU = Debug|Any CPU
		Release|Any CPU = Release|Any CPU
	EndGlobalSection
	GlobalSection(ProjectConfigurationPlatforms) = postSolution
		{2810C97E-E067-4F4E-829F-735236D3F55C}.Debug|Any CPU.ActiveCfg = Debug|Any CPU
		{2810C97E-E067-4F4E-829F-735236D3F55C}.Debug|Any CPU.Build.0 = Debug|Any CPU
		{2810C97E-E067-4F4E-829F-735236D3F55C}.Release|Any CPU.ActiveCfg = Release|Any CPU
		{2810C97E-E067-4F4E-829F-735236D3F55C}.Release|Any CPU.Build.0 = Release|Any CPU
		{3D0A09AC-0D70-4C9A-AF8E-BA4484576C92}.Debug|Any CPU.ActiveCfg = Debug|Any CPU
		{3D0A09AC-0D70-4C9A-AF8E-BA4484576C92}.Debug|Any CPU.Build.0 = Debug|Any CPU
		{3D0A09AC-0D70-4C9A-AF8E-BA4484576C92}.Release|Any CPU.ActiveCfg = Release|Any CPU
		{3D0A09AC-0D70-4C9A-AF8E-BA4484576C92}.Release|Any CPU.Build.0 = Release|Any CPU
		{BD1D3C9F-390A-43EB-BC6D-EC0A1F12590E}.Debug|Any CPU.ActiveCfg = Debug|Any CPU
		{BD1D3C9F-390A-43EB-BC6D-EC0A1F12590E}.Debug|Any CPU.Build.0 = Debug|Any CPU
		{BD1D3C9F-390A-43EB-BC6D-EC0A1F12590E}.Release|Any CPU.ActiveCfg = Release|Any CPU
		{BD1D3C9F-390A-43EB-BC6D-EC0A1F12590E}.Release|Any CPU.Build.0 = Release|Any CPU
		{B85E3E09-5F05-4C8D-9BD9-DC82E27FF1D8}.Debug|Any CPU.ActiveCfg = Debug|Any CPU
		{B85E3E09-5F05-4C8D-9BD9-DC82E27FF1D8}.Debug|Any CPU.Build.0 = Debug|Any CPU
		{B85E3E09-5F05-4C8D-9BD9-DC82E27FF1D8}.Release|Any CPU.ActiveCfg = Release|Any CPU
		{B85E3E09-5F05-4C8D-9BD9-DC82E27FF1D8}.Release|Any CPU.Build.0 = Release|Any CPU
		{BFA35F38-319F-4559-A9B5-D02FB14C6828}.Debug|Any CPU.ActiveCfg = Debug|Any CPU
		{BFA35F38-319F-4559-A9B5-D02FB14C6828}.Debug|Any CPU.Build.0 = Debug|Any CPU
		{BFA35F38-319F-4559-A9B5-D02FB14C6828}.Release|Any CPU.ActiveCfg = Release|Any CPU
		{BFA35F38-319F-4559-A9B5-D02FB14C6828}.Release|Any CPU.Build.0 = Release|Any CPU
		{BEAE268C-B46C-47EF-967B-95BC60681B59}.Debug|Any CPU.ActiveCfg = Debug|Any CPU
		{BEAE268C-B46C-47EF-967B-95BC60681B59}.Debug|Any CPU.Build.0 = Debug|Any CPU
		{BEAE268C-B46C-47EF-967B-95BC60681B59}.Release|Any CPU.ActiveCfg = Release|Any CPU
		{BEAE268C-B46C-47EF-967B-95BC60681B59}.Release|Any CPU.Build.0 = Release|Any CPU
		{4E384CAE-7D5F-4639-9F4F-806B55F1EF03}.Debug|Any CPU.ActiveCfg = Debug|Any CPU
		{4E384CAE-7D5F-4639-9F4F-806B55F1EF03}.Debug|Any CPU.Build.0 = Debug|Any CPU
		{4E384CAE-7D5F-4639-9F4F-806B55F1EF03}.Release|Any CPU.ActiveCfg = Release|Any CPU
		{4E384CAE-7D5F-4639-9F4F-806B55F1EF03}.Release|Any CPU.Build.0 = Release|Any CPU
		{94F25568-F5AA-414C-8D72-14959993B928}.Debug|Any CPU.ActiveCfg = Debug|Any CPU
		{94F25568-F5AA-414C-8D72-14959993B928}.Debug|Any CPU.Build.0 = Debug|Any CPU
		{94F25568-F5AA-414C-8D72-14959993B928}.Release|Any CPU.ActiveCfg = Release|Any CPU
		{94F25568-F5AA-414C-8D72-14959993B928}.Release|Any CPU.Build.0 = Release|Any CPU
		{24B05EBB-F8C3-478B-8861-86C78090D01A}.Debug|Any CPU.ActiveCfg = Debug|Any CPU
		{24B05EBB-F8C3-478B-8861-86C78090D01A}.Debug|Any CPU.Build.0 = Debug|Any CPU
		{24B05EBB-F8C3-478B-8861-86C78090D01A}.Release|Any CPU.ActiveCfg = Release|Any CPU
		{24B05EBB-F8C3-478B-8861-86C78090D01A}.Release|Any CPU.Build.0 = Release|Any CPU
		{2EE19CAA-A5DA-4BFD-85F0-0AA8084C6477}.Debug|Any CPU.ActiveCfg = Debug|Any CPU
		{2EE19CAA-A5DA-4BFD-85F0-0AA8084C6477}.Debug|Any CPU.Build.0 = Debug|Any CPU
		{2EE19CAA-A5DA-4BFD-85F0-0AA8084C6477}.Release|Any CPU.ActiveCfg = Release|Any CPU
		{2EE19CAA-A5DA-4BFD-85F0-0AA8084C6477}.Release|Any CPU.Build.0 = Release|Any CPU
		{6EC34CFA-6563-4603-890C-6B60A13C91E8}.Debug|Any CPU.ActiveCfg = Debug|Any CPU
		{6EC34CFA-6563-4603-890C-6B60A13C91E8}.Debug|Any CPU.Build.0 = Debug|Any CPU
		{6EC34CFA-6563-4603-890C-6B60A13C91E8}.Release|Any CPU.ActiveCfg = Release|Any CPU
		{6EC34CFA-6563-4603-890C-6B60A13C91E8}.Release|Any CPU.Build.0 = Release|Any CPU
		{CF63C167-D3BA-4E9F-BB1D-5EA48E75673B}.Debug|Any CPU.ActiveCfg = Debug|Any CPU
		{CF63C167-D3BA-4E9F-BB1D-5EA48E75673B}.Debug|Any CPU.Build.0 = Debug|Any CPU
		{CF63C167-D3BA-4E9F-BB1D-5EA48E75673B}.Release|Any CPU.ActiveCfg = Release|Any CPU
		{CF63C167-D3BA-4E9F-BB1D-5EA48E75673B}.Release|Any CPU.Build.0 = Release|Any CPU
		{3006FB26-87CA-45D4-851C-79D623349816}.Debug|Any CPU.ActiveCfg = Debug|Any CPU
		{3006FB26-87CA-45D4-851C-79D623349816}.Debug|Any CPU.Build.0 = Debug|Any CPU
		{3006FB26-87CA-45D4-851C-79D623349816}.Release|Any CPU.ActiveCfg = Release|Any CPU
		{3006FB26-87CA-45D4-851C-79D623349816}.Release|Any CPU.Build.0 = Release|Any CPU
		{6EF7388A-D2AD-429C-8197-B9F30678F371}.Debug|Any CPU.ActiveCfg = Debug|Any CPU
		{6EF7388A-D2AD-429C-8197-B9F30678F371}.Debug|Any CPU.Build.0 = Debug|Any CPU
		{6EF7388A-D2AD-429C-8197-B9F30678F371}.Release|Any CPU.ActiveCfg = Release|Any CPU
		{6EF7388A-D2AD-429C-8197-B9F30678F371}.Release|Any CPU.Build.0 = Release|Any CPU
		{64DAADE0-38C8-4F07-80AD-74660DD08E4D}.Debug|Any CPU.ActiveCfg = Debug|Any CPU
		{64DAADE0-38C8-4F07-80AD-74660DD08E4D}.Debug|Any CPU.Build.0 = Debug|Any CPU
		{64DAADE0-38C8-4F07-80AD-74660DD08E4D}.Release|Any CPU.ActiveCfg = Release|Any CPU
		{64DAADE0-38C8-4F07-80AD-74660DD08E4D}.Release|Any CPU.Build.0 = Release|Any CPU
		{7A93EAFA-CD60-475B-9793-A88CC7040F06}.Debug|Any CPU.ActiveCfg = Debug|Any CPU
		{7A93EAFA-CD60-475B-9793-A88CC7040F06}.Debug|Any CPU.Build.0 = Debug|Any CPU
		{7A93EAFA-CD60-475B-9793-A88CC7040F06}.Release|Any CPU.ActiveCfg = Release|Any CPU
		{7A93EAFA-CD60-475B-9793-A88CC7040F06}.Release|Any CPU.Build.0 = Release|Any CPU
		{3846CEB8-5D17-416D-A506-9F4A69F0A6C8}.Debug|Any CPU.ActiveCfg = Debug|Any CPU
		{3846CEB8-5D17-416D-A506-9F4A69F0A6C8}.Debug|Any CPU.Build.0 = Debug|Any CPU
		{3846CEB8-5D17-416D-A506-9F4A69F0A6C8}.Release|Any CPU.ActiveCfg = Release|Any CPU
		{3846CEB8-5D17-416D-A506-9F4A69F0A6C8}.Release|Any CPU.Build.0 = Release|Any CPU
	EndGlobalSection
	GlobalSection(SolutionProperties) = preSolution
		HideSolutionNode = FALSE
	EndGlobalSection
	GlobalSection(ExtensibilityGlobals) = postSolution
		SolutionGuid = {E4539B13-EB50-4954-8268-E9643BCB6F23}
	EndGlobalSection
	GlobalSection(NestedProjects) = preSolution
		{2810C97E-E067-4F4E-829F-735236D3F55C} = {02E3DB5F-1121-43A4-972E-723F9DD1D8C4}
		{3006FB26-87CA-45D4-851C-79D623349816} = {02E3DB5F-1121-43A4-972E-723F9DD1D8C4}
		{4E384CAE-7D5F-4639-9F4F-806B55F1EF03} = {02E3DB5F-1121-43A4-972E-723F9DD1D8C4}
		{BD1D3C9F-390A-43EB-BC6D-EC0A1F12590E} = {02E3DB5F-1121-43A4-972E-723F9DD1D8C4}
		{94F25568-F5AA-414C-8D72-14959993B928} = {02E3DB5F-1121-43A4-972E-723F9DD1D8C4}
		{24B05EBB-F8C3-478B-8861-86C78090D01A} = {02E3DB5F-1121-43A4-972E-723F9DD1D8C4}
		{BEAE268C-B46C-47EF-967B-95BC60681B59} = {02E3DB5F-1121-43A4-972E-723F9DD1D8C4}
		{BFA35F38-319F-4559-A9B5-D02FB14C6828} = {02E3DB5F-1121-43A4-972E-723F9DD1D8C4}
		{3D0A09AC-0D70-4C9A-AF8E-BA4484576C92} = {02E3DB5F-1121-43A4-972E-723F9DD1D8C4}
		{B85E3E09-5F05-4C8D-9BD9-DC82E27FF1D8} = {02E3DB5F-1121-43A4-972E-723F9DD1D8C4}
		{2EE19CAA-A5DA-4BFD-85F0-0AA8084C6477} = {02E3DB5F-1121-43A4-972E-723F9DD1D8C4}
		{6EF7388A-D2AD-429C-8197-B9F30678F371} = {02E3DB5F-1121-43A4-972E-723F9DD1D8C4}
		{CF63C167-D3BA-4E9F-BB1D-5EA48E75673B} = {32BC41B2-0F0C-491F-B1DB-AF57DDD3FA04}
		{6EC34CFA-6563-4603-890C-6B60A13C91E8} = {32BC41B2-0F0C-491F-B1DB-AF57DDD3FA04}
		{64DAADE0-38C8-4F07-80AD-74660DD08E4D} = {32BC41B2-0F0C-491F-B1DB-AF57DDD3FA04}
		{7A93EAFA-CD60-475B-9793-A88CC7040F06} = {02E3DB5F-1121-43A4-972E-723F9DD1D8C4}
		{3846CEB8-5D17-416D-A506-9F4A69F0A6C8} = {02E3DB5F-1121-43A4-972E-723F9DD1D8C4}
	EndGlobalSection
EndGlobal
