
Microsoft Visual Studio Solution File, Format Version 12.00
Project("{FAE04EC0-301F-11D3-BF4B-00C04F79EFBC}") = "Pricer.Admin", "Pricer.Admin\Pricer.Admin.csproj", "{AD575E9F-2EBF-458A-88BE-2484078F54F1}"
EndProject
Project("{FAE04EC0-301F-11D3-BF4B-00C04F79EFBC}") = "Pricer.Service", "Pricer.Service\Pricer.Service.csproj", "{3433BBAA-8FED-4485-AB29-6EE97E49B7A5}"
EndProject
Project("{2150E333-8FDC-42A3-9474-1A3956D46DE8}") = "Shared", "Shared", "{B6E492E3-3EB9-46A9-B855-413068931BDB}"
EndProject
Project("{2150E333-8FDC-42A3-9474-1A3956D46DE8}") = "src", "src", "{F1A3C684-6F56-4B49-A0A0-315183BBD5E1}"
EndProject
Project("{2150E333-8FDC-42A3-9474-1A3956D46DE8}") = "test", "test", "{BFCB1403-2A7E-459C-A469-509C014D70B2}"
EndProject
Project("{FAE04EC0-301F-11D3-BF4B-00C04F79EFBC}") = "Pricer.Common", "..\..\Shared\src\Pricer.Common\Pricer.Common.csproj", "{E8BB766A-B233-4A0C-9D05-A7476C741949}"
EndProject
Project("{FAE04EC0-301F-11D3-BF4B-00C04F79EFBC}") = "Pricer.Data.InMemory", "..\..\Shared\src\Pricer.Data.InMemory\Pricer.Data.InMemory.csproj", "{1CE1B8F8-C34E-4880-AE91-215F20B74DB2}"
EndProject
Project("{FAE04EC0-301F-11D3-BF4B-00C04F79EFBC}") = "Pricer.Data.Persistent", "..\..\Shared\src\Pricer.Data.Persistent\Pricer.Data.Persistent.csproj", "{4C6F2D42-B828-4738-8010-527B58448B6F}"
EndProject
Project("{FAE04EC0-301F-11D3-BF4B-00C04F79EFBC}") = "Pricer.Data.Service", "..\..\Shared\src\Pricer.Data.Service\Pricer.Data.Service.csproj", "{8C339E3B-E642-417F-B6F9-030BC4091121}"
EndProject
Project("{FAE04EC0-301F-11D3-BF4B-00C04F79EFBC}") = "Pricer.Parser", "..\..\Shared\src\Pricer.Parser\Pricer.Parser.csproj", "{45131F1B-7156-485D-BAC3-008D3DBF3283}"
EndProject
Project("{FAE04EC0-301F-11D3-BF4B-00C04F79EFBC}") = "Pricer.Telegram", "..\..\Shared\src\Pricer.Telegram\Pricer.Telegram.csproj", "{CD281173-2E48-455B-95D7-500521038A15}"
EndProject
Project("{FAE04EC0-301F-11D3-BF4B-00C04F79EFBC}") = "Pricer.Parser.FunctionalTests", "..\..\Shared\test\Pricer.Parser.FunctionalTests\Pricer.Parser.FunctionalTests.csproj", "{E051727B-CF77-462A-9A43-41ADFD860AB9}"
EndProject
Project("{FAE04EC0-301F-11D3-BF4B-00C04F79EFBC}") = "Pricer.Parser.UnitTests", "..\..\Shared\test\Pricer.Parser.UnitTests\Pricer.Parser.UnitTests.csproj", "{81795822-11EB-4D83-B64C-1FFD02698237}"
EndProject
Global
	GlobalSection(SolutionConfigurationPlatforms) = preSolution
		Debug|Any CPU = Debug|Any CPU
		Release|Any CPU = Release|Any CPU
	EndGlobalSection
	GlobalSection(ProjectConfigurationPlatforms) = postSolution
		{AD575E9F-2EBF-458A-88BE-2484078F54F1}.Debug|Any CPU.ActiveCfg = Debug|Any CPU
		{AD575E9F-2EBF-458A-88BE-2484078F54F1}.Debug|Any CPU.Build.0 = Debug|Any CPU
		{AD575E9F-2EBF-458A-88BE-2484078F54F1}.Release|Any CPU.ActiveCfg = Release|Any CPU
		{AD575E9F-2EBF-458A-88BE-2484078F54F1}.Release|Any CPU.Build.0 = Release|Any CPU
		{3433BBAA-8FED-4485-AB29-6EE97E49B7A5}.Debug|Any CPU.ActiveCfg = Debug|Any CPU
		{3433BBAA-8FED-4485-AB29-6EE97E49B7A5}.Debug|Any CPU.Build.0 = Debug|Any CPU
		{3433BBAA-8FED-4485-AB29-6EE97E49B7A5}.Release|Any CPU.ActiveCfg = Release|Any CPU
		{3433BBAA-8FED-4485-AB29-6EE97E49B7A5}.Release|Any CPU.Build.0 = Release|Any CPU
		{E8BB766A-B233-4A0C-9D05-A7476C741949}.Debug|Any CPU.ActiveCfg = Debug|Any CPU
		{E8BB766A-B233-4A0C-9D05-A7476C741949}.Debug|Any CPU.Build.0 = Debug|Any CPU
		{E8BB766A-B233-4A0C-9D05-A7476C741949}.Release|Any CPU.ActiveCfg = Release|Any CPU
		{E8BB766A-B233-4A0C-9D05-A7476C741949}.Release|Any CPU.Build.0 = Release|Any CPU
		{1CE1B8F8-C34E-4880-AE91-215F20B74DB2}.Debug|Any CPU.ActiveCfg = Debug|Any CPU
		{1CE1B8F8-C34E-4880-AE91-215F20B74DB2}.Debug|Any CPU.Build.0 = Debug|Any CPU
		{1CE1B8F8-C34E-4880-AE91-215F20B74DB2}.Release|Any CPU.ActiveCfg = Release|Any CPU
		{1CE1B8F8-C34E-4880-AE91-215F20B74DB2}.Release|Any CPU.Build.0 = Release|Any CPU
		{4C6F2D42-B828-4738-8010-527B58448B6F}.Debug|Any CPU.ActiveCfg = Debug|Any CPU
		{4C6F2D42-B828-4738-8010-527B58448B6F}.Debug|Any CPU.Build.0 = Debug|Any CPU
		{4C6F2D42-B828-4738-8010-527B58448B6F}.Release|Any CPU.ActiveCfg = Release|Any CPU
		{4C6F2D42-B828-4738-8010-527B58448B6F}.Release|Any CPU.Build.0 = Release|Any CPU
		{8C339E3B-E642-417F-B6F9-030BC4091121}.Debug|Any CPU.ActiveCfg = Debug|Any CPU
		{8C339E3B-E642-417F-B6F9-030BC4091121}.Debug|Any CPU.Build.0 = Debug|Any CPU
		{8C339E3B-E642-417F-B6F9-030BC4091121}.Release|Any CPU.ActiveCfg = Release|Any CPU
		{8C339E3B-E642-417F-B6F9-030BC4091121}.Release|Any CPU.Build.0 = Release|Any CPU
		{45131F1B-7156-485D-BAC3-008D3DBF3283}.Debug|Any CPU.ActiveCfg = Debug|Any CPU
		{45131F1B-7156-485D-BAC3-008D3DBF3283}.Debug|Any CPU.Build.0 = Debug|Any CPU
		{45131F1B-7156-485D-BAC3-008D3DBF3283}.Release|Any CPU.ActiveCfg = Release|Any CPU
		{45131F1B-7156-485D-BAC3-008D3DBF3283}.Release|Any CPU.Build.0 = Release|Any CPU
		{CD281173-2E48-455B-95D7-500521038A15}.Debug|Any CPU.ActiveCfg = Debug|Any CPU
		{CD281173-2E48-455B-95D7-500521038A15}.Debug|Any CPU.Build.0 = Debug|Any CPU
		{CD281173-2E48-455B-95D7-500521038A15}.Release|Any CPU.ActiveCfg = Release|Any CPU
		{CD281173-2E48-455B-95D7-500521038A15}.Release|Any CPU.Build.0 = Release|Any CPU
		{E051727B-CF77-462A-9A43-41ADFD860AB9}.Debug|Any CPU.ActiveCfg = Debug|Any CPU
		{E051727B-CF77-462A-9A43-41ADFD860AB9}.Debug|Any CPU.Build.0 = Debug|Any CPU
		{E051727B-CF77-462A-9A43-41ADFD860AB9}.Release|Any CPU.ActiveCfg = Release|Any CPU
		{E051727B-CF77-462A-9A43-41ADFD860AB9}.Release|Any CPU.Build.0 = Release|Any CPU
		{81795822-11EB-4D83-B64C-1FFD02698237}.Debug|Any CPU.ActiveCfg = Debug|Any CPU
		{81795822-11EB-4D83-B64C-1FFD02698237}.Debug|Any CPU.Build.0 = Debug|Any CPU
		{81795822-11EB-4D83-B64C-1FFD02698237}.Release|Any CPU.ActiveCfg = Release|Any CPU
		{81795822-11EB-4D83-B64C-1FFD02698237}.Release|Any CPU.Build.0 = Release|Any CPU
	EndGlobalSection
	GlobalSection(NestedProjects) = preSolution
		{F1A3C684-6F56-4B49-A0A0-315183BBD5E1} = {B6E492E3-3EB9-46A9-B855-413068931BDB}
		{BFCB1403-2A7E-459C-A469-509C014D70B2} = {B6E492E3-3EB9-46A9-B855-413068931BDB}
		{E8BB766A-B233-4A0C-9D05-A7476C741949} = {F1A3C684-6F56-4B49-A0A0-315183BBD5E1}
		{1CE1B8F8-C34E-4880-AE91-215F20B74DB2} = {F1A3C684-6F56-4B49-A0A0-315183BBD5E1}
		{4C6F2D42-B828-4738-8010-527B58448B6F} = {F1A3C684-6F56-4B49-A0A0-315183BBD5E1}
		{8C339E3B-E642-417F-B6F9-030BC4091121} = {F1A3C684-6F56-4B49-A0A0-315183BBD5E1}
		{45131F1B-7156-485D-BAC3-008D3DBF3283} = {F1A3C684-6F56-4B49-A0A0-315183BBD5E1}
		{CD281173-2E48-455B-95D7-500521038A15} = {F1A3C684-6F56-4B49-A0A0-315183BBD5E1}
		{E051727B-CF77-462A-9A43-41ADFD860AB9} = {BFCB1403-2A7E-459C-A469-509C014D70B2}
		{81795822-11EB-4D83-B64C-1FFD02698237} = {B6E492E3-3EB9-46A9-B855-413068931BDB}
	EndGlobalSection
EndGlobal
